
Microsoft Visual Studio Solution File, Format Version 12.00
# Visual Studio Version 17
VisualStudioVersion = 17.3.32901.215
MinimumVisualStudioVersion = 10.0.40219.1
Project("{8BC9CEB8-8B4A-11D0-8D11-00A0C91BC942}") = "MalDevEssentials", "MalDevEssentials\MalDevEssentials.vcxproj", "{3091DE98-C736-4050-8E6D-BB71C7CFAD5D}"
EndProject
Global
	GlobalSection(SolutionConfigurationPlatforms) = preSolution
		Debug|x64 = Debug|x64
		Debug|x86 = Debug|x86
		Release|x64 = Release|x64
		Release|x86 = Release|x86
	EndGlobalSection
	GlobalSection(ProjectConfigurationPlatforms) = postSolution
		{3091DE98-C736-4050-8E6D-BB71C7CFAD5D}.Debug|x64.ActiveCfg = Debug|x64
		{3091DE98-C736-4050-8E6D-BB71C7CFAD5D}.Debug|x64.Build.0 = Debug|x64
		{3091DE98-C736-4050-8E6D-BB71C7CFAD5D}.Debug|x86.ActiveCfg = Debug|Win32
		{3091DE98-C736-4050-8E6D-BB71C7CFAD5D}.Debug|x86.Build.0 = Debug|Win32
		{3091DE98-C736-4050-8E6D-BB71C7CFAD5D}.Release|x64.ActiveCfg = Release|x64
		{3091DE98-C736-4050-8E6D-BB71C7CFAD5D}.Release|x64.Build.0 = Release|x64
		{3091DE98-C736-4050-8E6D-BB71C7CFAD5D}.Release|x86.ActiveCfg = Release|Win32
		{3091DE98-C736-4050-8E6D-BB71C7CFAD5D}.Release|x86.Build.0 = Release|Win32
	EndGlobalSection
	GlobalSection(SolutionProperties) = preSolution
		HideSolutionNode = FALSE
	EndGlobalSection
	GlobalSection(ExtensibilityGlobals) = postSolution
		SolutionGuid = {BF3EB88C-8149-4511-B5F5-7547BB2D7735}
	EndGlobalSection
EndGlobal
